
Microsoft Visual Studio Solution File, Format Version 12.00
# Visual Studio Version 17
VisualStudioVersion = 17.8.34316.72
MinimumVisualStudioVersion = 10.0.40219.1
Project("{FAE04EC0-301F-11D3-BF4B-00C04F79EFBC}") = "z_1", "z_1\z_1.csproj", "{DB2FA4AA-9A2D-4BF8-8B51-6182C2F804E8}"
EndProject
Global
	GlobalSection(SolutionConfigurationPlatforms) = preSolution
		Debug|Any CPU = Debug|Any CPU
		Release|Any CPU = Release|Any CPU
	EndGlobalSection
	GlobalSection(ProjectConfigurationPlatforms) = postSolution
		{DB2FA4AA-9A2D-4BF8-8B51-6182C2F804E8}.Debug|Any CPU.ActiveCfg = Debug|Any CPU
		{DB2FA4AA-9A2D-4BF8-8B51-6182C2F804E8}.Debug|Any CPU.Build.0 = Debug|Any CPU
		{DB2FA4AA-9A2D-4BF8-8B51-6182C2F804E8}.Release|Any CPU.ActiveCfg = Release|Any CPU
		{DB2FA4AA-9A2D-4BF8-8B51-6182C2F804E8}.Release|Any CPU.Build.0 = Release|Any CPU
	EndGlobalSection
	GlobalSection(SolutionProperties) = preSolution
		HideSolutionNode = FALSE
	EndGlobalSection
	GlobalSection(ExtensibilityGlobals) = postSolution
		SolutionGuid = {91A26872-A6C5-4D4F-9CDE-0AAE49C7560B}
	EndGlobalSection
EndGlobal
